PODS:
  - AmazonIVSPlayer (1.19.0)
  - dyte_core_ios (0.0.1):
    - AmazonIVSPlayer (~> 1.19.0)
    - DyteiOSCore (= 1.30.1)
    - Flutter
  - DyteiOSCore (1.30.1):
    - WebRTC-SDK (= 114.5735.08)
  - Flutter (1.0.0)
  - WebRTC-SDK (114.5735.08)

DEPENDENCIES:
  - dyte_core_ios (from `.symlinks/plugins/dyte_core_ios/ios`)
  - Flutter (from `Flutter`)

SPEC REPOS:
  trunk:
    - AmazonIVSPlayer
    - DyteiOSCore
    - WebRTC-SDK

EXTERNAL SOURCES:
  dyte_core_ios:
    :path: ".symlinks/plugins/dyte_core_ios/ios"
  Flutter:
    :path: Flutter

SPEC CHECKSUMS:
  AmazonIVSPlayer: b9498771b74cd05e93c67dd3844bb4e2c453f2aa
  dyte_core_ios: 75ce711ffdbdc0f149251e48c0d63a8f0df50c20
  DyteiOSCore: 0b1cc662c0d229f64cfff53beaa76d8ee45ca884
  Flutter: e0871f40cf51350855a761d2e70bf5af5b9b5de7
  WebRTC-SDK: c24d2a6c9f571f2ed42297cb8ffba9557093142b

PODFILE CHECKSUM: a57f30d18f102dd3ce366b1d62a55ecbef2158e5

COCOAPODS: 1.12.1
